
Microsoft Visual Studio Solution File, Format Version 12.00
Project("{2150E333-8FDC-42A3-9474-1A3956D46DE8}") = "src", "src", "{67AEADC5-EB5A-4FD6-86A8-19790CF332F3}"
EndProject
Project("{2150E333-8FDC-42A3-9474-1A3956D46DE8}") = "Solution Items", "Solution Items", "{791081DF-5492-40C5-AB0C-51F78E51D9DF}"
	ProjectSection(SolutionItems) = preProject
		Solution Items\ServiceUrls.txt = Solution Items\ServiceUrls.txt
	EndProjectSection
EndProject
Project("{2150E333-8FDC-42A3-9474-1A3956D46DE8}") = "ApiGetaway", "ApiGetaway", "{62B462A4-F571-447B-AAC7-7A3CC505E785}"
EndProject
Project("{2150E333-8FDC-42A3-9474-1A3956D46DE8}") = "BuildingBlocks", "BuildingBlocks", "{051F03F6-0653-4FF5-AE96-4E5072DA88B4}"
EndProject
Project("{2150E333-8FDC-42A3-9474-1A3956D46DE8}") = "Services", "Services", "{C2B14705-71FF-4899-A8ED-98626D2F5D8B}"
EndProject
Project("{2150E333-8FDC-42A3-9474-1A3956D46DE8}") = "Clients", "Clients", "{A92EF1DD-DAD1-4828-A34F-AA43771E676A}"
EndProject
Project("{2150E333-8FDC-42A3-9474-1A3956D46DE8}") = "WebApiGateway", "WebApiGateway", "{289BE18B-1579-44B2-9D59-2D1EE36FA96A}"
EndProject
Project("{FAE04EC0-301F-11D3-BF4B-00C04F79EFBC}") = "Web.ApiGateway", "src\ApiGateways\WebApiGateway\Web.ApiGateway\Web.ApiGateway.csproj", "{B0ADA3EF-CAE9-4454-8CAF-6D88F02D7335}"
EndProject
Project("{2150E333-8FDC-42A3-9474-1A3956D46DE8}") = "EventBus", "EventBus", "{657F4C95-3815-4A26-847E-F27E321B20B7}"
EndProject
Project("{FAE04EC0-301F-11D3-BF4B-00C04F79EFBC}") = "EventBus.Base", "src\BuildingBlocks\EventBus\EventBus.Base\EventBus.Base.csproj", "{A24B7BF3-747E-4990-AF3F-C04DE34845CA}"
EndProject
Project("{FAE04EC0-301F-11D3-BF4B-00C04F79EFBC}") = "EventBus.Factory", "src\BuildingBlocks\EventBus\EventBus.Factory\EventBus.Factory.csproj", "{411E3278-CDFF-49EA-80AF-9EB363EED1A1}"
EndProject
Project("{FAE04EC0-301F-11D3-BF4B-00C04F79EFBC}") = "EventBus.AzureServiceBus", "src\BuildingBlocks\EventBus\EventBus.AzureServiceBus\EventBus.AzureServiceBus.csproj", "{1CF0CE21-F2FE-41C2-B5F3-15E3FFE09EBA}"
EndProject
Project("{FAE04EC0-301F-11D3-BF4B-00C04F79EFBC}") = "EventBus.RabbitMQ", "src\BuildingBlocks\EventBus\EventBus.RabbitMQ\EventBus.RabbitMQ.csproj", "{F6A05BFD-08AF-49C4-9385-1230977D24C4}"
EndProject
Project("{2150E333-8FDC-42A3-9474-1A3956D46DE8}") = "BlazorWebApp", "BlazorWebApp", "{FB3B89B0-FC64-4AB9-A72A-F38DC2DE1C7E}"
EndProject
Project("{FAE04EC0-301F-11D3-BF4B-00C04F79EFBC}") = "WebApp", "src\Clients\BlazorWebApp\WebApp\WebApp.csproj", "{42B15A20-0375-4237-B597-56B0C2C84DE0}"
EndProject
Project("{2150E333-8FDC-42A3-9474-1A3956D46DE8}") = "BasketService", "BasketService", "{77772F7B-98B1-44C8-AFE9-57A036A72CC3}"
EndProject
Project("{FAE04EC0-301F-11D3-BF4B-00C04F79EFBC}") = "BasketService.Api", "src\Services\BasketService\BasketService.Api\BasketService.Api.csproj", "{D40E4884-AD89-40CE-B1F4-1A9AC8268053}"
EndProject
Project("{2150E333-8FDC-42A3-9474-1A3956D46DE8}") = "CatalogService", "CatalogService", "{BF36E5A8-A3CE-4430-B157-B868F2AEA494}"
EndProject
Project("{FAE04EC0-301F-11D3-BF4B-00C04F79EFBC}") = "CatalogService.Api", "src\Services\CatalogService\CatalogService.Api\CatalogService.Api.csproj", "{EBBDA677-A7A3-4FD4-9D68-EBF01C893AE3}"
EndProject
Project("{2150E333-8FDC-42A3-9474-1A3956D46DE8}") = "IdentityService", "IdentityService", "{1F6D77F7-01AE-45F7-85E5-C896584CDF6E}"
EndProject
Project("{FAE04EC0-301F-11D3-BF4B-00C04F79EFBC}") = "IdentityService.Api", "src\Services\IdentityService\IdentityService.Api\IdentityService.Api.csproj", "{9677B818-3F37-4110-895C-A22A1E81237A}"
EndProject
Project("{2150E333-8FDC-42A3-9474-1A3956D46DE8}") = "NotificationService", "NotificationService", "{98CD1F80-5A7F-408C-8307-BC99D16A4FB2}"
EndProject
Project("{FAE04EC0-301F-11D3-BF4B-00C04F79EFBC}") = "NotificationService", "src\Services\NotificationService\NotificationService\NotificationService.csproj", "{98AE7556-05EE-4BD3-99E9-287927ED6F10}"
EndProject
Project("{2150E333-8FDC-42A3-9474-1A3956D46DE8}") = "OrderService", "OrderService", "{9E842695-B9F0-42EA-8D01-BB85CA049680}"
EndProject
Project("{FAE04EC0-301F-11D3-BF4B-00C04F79EFBC}") = "OrderService.Api", "src\Services\OrderService\OrderService.Api\OrderService.Api.csproj", "{05362C58-8233-434E-9DFB-F8FE3DBC513B}"
EndProject
Project("{FAE04EC0-301F-11D3-BF4B-00C04F79EFBC}") = "OrderService.Infrastructure", "src\Services\OrderService\OrderService.Infrastructure\OrderService.Infrastructure.csproj", "{624EEF59-B35D-4A43-8797-1497DC7CE048}"
EndProject
Project("{FAE04EC0-301F-11D3-BF4B-00C04F79EFBC}") = "OrderService.Application", "src\Services\OrderService\OrderService.Application\OrderService.Application.csproj", "{F833EE9B-C2C6-4BF5-9880-1DFF1DC3CA24}"
EndProject
Project("{FAE04EC0-301F-11D3-BF4B-00C04F79EFBC}") = "OrderService.Domain", "src\Services\OrderService\OrderService.Domain\OrderService.Domain.csproj", "{32D1AC1A-F153-4A38-889F-F13B8DEA9DBE}"
EndProject
Project("{2150E333-8FDC-42A3-9474-1A3956D46DE8}") = "PaymentService", "PaymentService", "{E3E06FF1-81A4-40B3-ADBD-48F13799770A}"
EndProject
Project("{FAE04EC0-301F-11D3-BF4B-00C04F79EFBC}") = "PaymentService.Api", "src\Services\PaymentService\PaymentService.Api\PaymentService.Api.csproj", "{93A52DE3-2DFD-469C-8BE2-E52E484997ED}"
EndProject
Project("{2150E333-8FDC-42A3-9474-1A3956D46DE8}") = "tests", "tests", "{9A51FC73-E52E-4EFF-A1BF-3A85F0443CBF}"
EndProject
Project("{2150E333-8FDC-42A3-9474-1A3956D46DE8}") = "BuildingBlocks", "BuildingBlocks", "{E788254B-C78B-4EAC-B11F-B13F6DB4FD06}"
EndProject
Project("{FAE04EC0-301F-11D3-BF4B-00C04F79EFBC}") = "EventBus.UnitTest", "tests\BuildingBlocks\EventBus.UnitTest\EventBus.UnitTest.csproj", "{12D3AC36-BEDA-43C0-A42A-35D593D51C22}"
EndProject
Project("{2150E333-8FDC-42A3-9474-1A3956D46DE8}") = "docker-compose-files", "docker-compose-files", "{88327EE5-2799-4C49-919A-105F99B34765}"
EndProject
Project("{2150E333-8FDC-42A3-9474-1A3956D46DE8}") = "consul", "consul", "{1BA3293A-67B6-432C-9AD8-33F5ABD630AA}"
EndProject
Project("{2150E333-8FDC-42A3-9474-1A3956D46DE8}") = "rabbitmq", "rabbitmq", "{D1E3CE6E-C3E0-4C4C-9970-F3F7BDCEDBCE}"
EndProject
Project("{2150E333-8FDC-42A3-9474-1A3956D46DE8}") = "redis", "redis", "{58F27520-406C-4BC5-B933-43C06FDD3869}"
EndProject
Project("{2150E333-8FDC-42A3-9474-1A3956D46DE8}") = "sqlserver", "sqlserver", "{D6FF8379-A341-417E-BC60-A100DF797259}"
EndProject
Global
	GlobalSection(SolutionConfigurationPlatforms) = preSolution
		Debug|Any CPU = Debug|Any CPU
		Release|Any CPU = Release|Any CPU
	EndGlobalSection
	GlobalSection(NestedProjects) = preSolution
		{62B462A4-F571-447B-AAC7-7A3CC505E785} = {67AEADC5-EB5A-4FD6-86A8-19790CF332F3}
		{051F03F6-0653-4FF5-AE96-4E5072DA88B4} = {67AEADC5-EB5A-4FD6-86A8-19790CF332F3}
		{C2B14705-71FF-4899-A8ED-98626D2F5D8B} = {67AEADC5-EB5A-4FD6-86A8-19790CF332F3}
		{A92EF1DD-DAD1-4828-A34F-AA43771E676A} = {67AEADC5-EB5A-4FD6-86A8-19790CF332F3}
		{289BE18B-1579-44B2-9D59-2D1EE36FA96A} = {62B462A4-F571-447B-AAC7-7A3CC505E785}
		{B0ADA3EF-CAE9-4454-8CAF-6D88F02D7335} = {289BE18B-1579-44B2-9D59-2D1EE36FA96A}
		{657F4C95-3815-4A26-847E-F27E321B20B7} = {051F03F6-0653-4FF5-AE96-4E5072DA88B4}
		{A24B7BF3-747E-4990-AF3F-C04DE34845CA} = {657F4C95-3815-4A26-847E-F27E321B20B7}
		{411E3278-CDFF-49EA-80AF-9EB363EED1A1} = {657F4C95-3815-4A26-847E-F27E321B20B7}
		{1CF0CE21-F2FE-41C2-B5F3-15E3FFE09EBA} = {657F4C95-3815-4A26-847E-F27E321B20B7}
		{F6A05BFD-08AF-49C4-9385-1230977D24C4} = {657F4C95-3815-4A26-847E-F27E321B20B7}
		{FB3B89B0-FC64-4AB9-A72A-F38DC2DE1C7E} = {A92EF1DD-DAD1-4828-A34F-AA43771E676A}
		{42B15A20-0375-4237-B597-56B0C2C84DE0} = {FB3B89B0-FC64-4AB9-A72A-F38DC2DE1C7E}
		{77772F7B-98B1-44C8-AFE9-57A036A72CC3} = {C2B14705-71FF-4899-A8ED-98626D2F5D8B}
		{D40E4884-AD89-40CE-B1F4-1A9AC8268053} = {77772F7B-98B1-44C8-AFE9-57A036A72CC3}
		{BF36E5A8-A3CE-4430-B157-B868F2AEA494} = {C2B14705-71FF-4899-A8ED-98626D2F5D8B}
		{EBBDA677-A7A3-4FD4-9D68-EBF01C893AE3} = {BF36E5A8-A3CE-4430-B157-B868F2AEA494}
		{1F6D77F7-01AE-45F7-85E5-C896584CDF6E} = {C2B14705-71FF-4899-A8ED-98626D2F5D8B}
		{9677B818-3F37-4110-895C-A22A1E81237A} = {1F6D77F7-01AE-45F7-85E5-C896584CDF6E}
		{98CD1F80-5A7F-408C-8307-BC99D16A4FB2} = {C2B14705-71FF-4899-A8ED-98626D2F5D8B}
		{98AE7556-05EE-4BD3-99E9-287927ED6F10} = {98CD1F80-5A7F-408C-8307-BC99D16A4FB2}
		{9E842695-B9F0-42EA-8D01-BB85CA049680} = {C2B14705-71FF-4899-A8ED-98626D2F5D8B}
		{05362C58-8233-434E-9DFB-F8FE3DBC513B} = {9E842695-B9F0-42EA-8D01-BB85CA049680}
		{624EEF59-B35D-4A43-8797-1497DC7CE048} = {9E842695-B9F0-42EA-8D01-BB85CA049680}
		{F833EE9B-C2C6-4BF5-9880-1DFF1DC3CA24} = {9E842695-B9F0-42EA-8D01-BB85CA049680}
		{32D1AC1A-F153-4A38-889F-F13B8DEA9DBE} = {9E842695-B9F0-42EA-8D01-BB85CA049680}
		{E3E06FF1-81A4-40B3-ADBD-48F13799770A} = {C2B14705-71FF-4899-A8ED-98626D2F5D8B}
		{93A52DE3-2DFD-469C-8BE2-E52E484997ED} = {E3E06FF1-81A4-40B3-ADBD-48F13799770A}
		{E788254B-C78B-4EAC-B11F-B13F6DB4FD06} = {9A51FC73-E52E-4EFF-A1BF-3A85F0443CBF}
		{12D3AC36-BEDA-43C0-A42A-35D593D51C22} = {E788254B-C78B-4EAC-B11F-B13F6DB4FD06}
		{1BA3293A-67B6-432C-9AD8-33F5ABD630AA} = {88327EE5-2799-4C49-919A-105F99B34765}
		{D1E3CE6E-C3E0-4C4C-9970-F3F7BDCEDBCE} = {88327EE5-2799-4C49-919A-105F99B34765}
		{58F27520-406C-4BC5-B933-43C06FDD3869} = {88327EE5-2799-4C49-919A-105F99B34765}
		{D6FF8379-A341-417E-BC60-A100DF797259} = {88327EE5-2799-4C49-919A-105F99B34765}
	EndGlobalSection
	GlobalSection(ProjectConfigurationPlatforms) = postSolution
		{B0ADA3EF-CAE9-4454-8CAF-6D88F02D7335}.Debug|Any CPU.ActiveCfg = Debug|Any CPU
		{B0ADA3EF-CAE9-4454-8CAF-6D88F02D7335}.Debug|Any CPU.Build.0 = Debug|Any CPU
		{B0ADA3EF-CAE9-4454-8CAF-6D88F02D7335}.Release|Any CPU.ActiveCfg = Release|Any CPU
		{B0ADA3EF-CAE9-4454-8CAF-6D88F02D7335}.Release|Any CPU.Build.0 = Release|Any CPU
		{A24B7BF3-747E-4990-AF3F-C04DE34845CA}.Debug|Any CPU.ActiveCfg = Debug|Any CPU
		{A24B7BF3-747E-4990-AF3F-C04DE34845CA}.Debug|Any CPU.Build.0 = Debug|Any CPU
		{A24B7BF3-747E-4990-AF3F-C04DE34845CA}.Release|Any CPU.ActiveCfg = Release|Any CPU
		{A24B7BF3-747E-4990-AF3F-C04DE34845CA}.Release|Any CPU.Build.0 = Release|Any CPU
		{411E3278-CDFF-49EA-80AF-9EB363EED1A1}.Debug|Any CPU.ActiveCfg = Debug|Any CPU
		{411E3278-CDFF-49EA-80AF-9EB363EED1A1}.Debug|Any CPU.Build.0 = Debug|Any CPU
		{411E3278-CDFF-49EA-80AF-9EB363EED1A1}.Release|Any CPU.ActiveCfg = Release|Any CPU
		{411E3278-CDFF-49EA-80AF-9EB363EED1A1}.Release|Any CPU.Build.0 = Release|Any CPU
		{1CF0CE21-F2FE-41C2-B5F3-15E3FFE09EBA}.Debug|Any CPU.ActiveCfg = Debug|Any CPU
		{1CF0CE21-F2FE-41C2-B5F3-15E3FFE09EBA}.Debug|Any CPU.Build.0 = Debug|Any CPU
		{1CF0CE21-F2FE-41C2-B5F3-15E3FFE09EBA}.Release|Any CPU.ActiveCfg = Release|Any CPU
		{1CF0CE21-F2FE-41C2-B5F3-15E3FFE09EBA}.Release|Any CPU.Build.0 = Release|Any CPU
		{F6A05BFD-08AF-49C4-9385-1230977D24C4}.Debug|Any CPU.ActiveCfg = Debug|Any CPU
		{F6A05BFD-08AF-49C4-9385-1230977D24C4}.Debug|Any CPU.Build.0 = Debug|Any CPU
		{F6A05BFD-08AF-49C4-9385-1230977D24C4}.Release|Any CPU.ActiveCfg = Release|Any CPU
		{F6A05BFD-08AF-49C4-9385-1230977D24C4}.Release|Any CPU.Build.0 = Release|Any CPU
		{42B15A20-0375-4237-B597-56B0C2C84DE0}.Debug|Any CPU.ActiveCfg = Debug|Any CPU
		{42B15A20-0375-4237-B597-56B0C2C84DE0}.Debug|Any CPU.Build.0 = Debug|Any CPU
		{42B15A20-0375-4237-B597-56B0C2C84DE0}.Release|Any CPU.ActiveCfg = Release|Any CPU
		{42B15A20-0375-4237-B597-56B0C2C84DE0}.Release|Any CPU.Build.0 = Release|Any CPU
		{D40E4884-AD89-40CE-B1F4-1A9AC8268053}.Debug|Any CPU.ActiveCfg = Debug|Any CPU
		{D40E4884-AD89-40CE-B1F4-1A9AC8268053}.Debug|Any CPU.Build.0 = Debug|Any CPU
		{D40E4884-AD89-40CE-B1F4-1A9AC8268053}.Release|Any CPU.ActiveCfg = Release|Any CPU
		{D40E4884-AD89-40CE-B1F4-1A9AC8268053}.Release|Any CPU.Build.0 = Release|Any CPU
		{EBBDA677-A7A3-4FD4-9D68-EBF01C893AE3}.Debug|Any CPU.ActiveCfg = Debug|Any CPU
		{EBBDA677-A7A3-4FD4-9D68-EBF01C893AE3}.Debug|Any CPU.Build.0 = Debug|Any CPU
		{EBBDA677-A7A3-4FD4-9D68-EBF01C893AE3}.Release|Any CPU.ActiveCfg = Release|Any CPU
		{EBBDA677-A7A3-4FD4-9D68-EBF01C893AE3}.Release|Any CPU.Build.0 = Release|Any CPU
		{9677B818-3F37-4110-895C-A22A1E81237A}.Debug|Any CPU.ActiveCfg = Debug|Any CPU
		{9677B818-3F37-4110-895C-A22A1E81237A}.Debug|Any CPU.Build.0 = Debug|Any CPU
		{9677B818-3F37-4110-895C-A22A1E81237A}.Release|Any CPU.ActiveCfg = Release|Any CPU
		{9677B818-3F37-4110-895C-A22A1E81237A}.Release|Any CPU.Build.0 = Release|Any CPU
		{98AE7556-05EE-4BD3-99E9-287927ED6F10}.Debug|Any CPU.ActiveCfg = Debug|Any CPU
		{98AE7556-05EE-4BD3-99E9-287927ED6F10}.Debug|Any CPU.Build.0 = Debug|Any CPU
		{98AE7556-05EE-4BD3-99E9-287927ED6F10}.Release|Any CPU.ActiveCfg = Release|Any CPU
		{98AE7556-05EE-4BD3-99E9-287927ED6F10}.Release|Any CPU.Build.0 = Release|Any CPU
		{05362C58-8233-434E-9DFB-F8FE3DBC513B}.Debug|Any CPU.ActiveCfg = Debug|Any CPU
		{05362C58-8233-434E-9DFB-F8FE3DBC513B}.Debug|Any CPU.Build.0 = Debug|Any CPU
		{05362C58-8233-434E-9DFB-F8FE3DBC513B}.Release|Any CPU.ActiveCfg = Release|Any CPU
		{05362C58-8233-434E-9DFB-F8FE3DBC513B}.Release|Any CPU.Build.0 = Release|Any CPU
		{624EEF59-B35D-4A43-8797-1497DC7CE048}.Debug|Any CPU.ActiveCfg = Debug|Any CPU
		{624EEF59-B35D-4A43-8797-1497DC7CE048}.Debug|Any CPU.Build.0 = Debug|Any CPU
		{624EEF59-B35D-4A43-8797-1497DC7CE048}.Release|Any CPU.ActiveCfg = Release|Any CPU
		{624EEF59-B35D-4A43-8797-1497DC7CE048}.Release|Any CPU.Build.0 = Release|Any CPU
		{F833EE9B-C2C6-4BF5-9880-1DFF1DC3CA24}.Debug|Any CPU.ActiveCfg = Debug|Any CPU
		{F833EE9B-C2C6-4BF5-9880-1DFF1DC3CA24}.Debug|Any CPU.Build.0 = Debug|Any CPU
		{F833EE9B-C2C6-4BF5-9880-1DFF1DC3CA24}.Release|Any CPU.ActiveCfg = Release|Any CPU
		{F833EE9B-C2C6-4BF5-9880-1DFF1DC3CA24}.Release|Any CPU.Build.0 = Release|Any CPU
		{32D1AC1A-F153-4A38-889F-F13B8DEA9DBE}.Debug|Any CPU.ActiveCfg = Debug|Any CPU
		{32D1AC1A-F153-4A38-889F-F13B8DEA9DBE}.Debug|Any CPU.Build.0 = Debug|Any CPU
		{32D1AC1A-F153-4A38-889F-F13B8DEA9DBE}.Release|Any CPU.ActiveCfg = Release|Any CPU
		{32D1AC1A-F153-4A38-889F-F13B8DEA9DBE}.Release|Any CPU.Build.0 = Release|Any CPU
		{93A52DE3-2DFD-469C-8BE2-E52E484997ED}.Debug|Any CPU.ActiveCfg = Debug|Any CPU
		{93A52DE3-2DFD-469C-8BE2-E52E484997ED}.Debug|Any CPU.Build.0 = Debug|Any CPU
		{93A52DE3-2DFD-469C-8BE2-E52E484997ED}.Release|Any CPU.ActiveCfg = Release|Any CPU
		{93A52DE3-2DFD-469C-8BE2-E52E484997ED}.Release|Any CPU.Build.0 = Release|Any CPU
		{12D3AC36-BEDA-43C0-A42A-35D593D51C22}.Debug|Any CPU.ActiveCfg = Debug|Any CPU
		{12D3AC36-BEDA-43C0-A42A-35D593D51C22}.Debug|Any CPU.Build.0 = Debug|Any CPU
		{12D3AC36-BEDA-43C0-A42A-35D593D51C22}.Release|Any CPU.ActiveCfg = Release|Any CPU
		{12D3AC36-BEDA-43C0-A42A-35D593D51C22}.Release|Any CPU.Build.0 = Release|Any CPU
	EndGlobalSection
EndGlobal
